
Microsoft Visual Studio Solution File, Format Version 12.00
# Visual Studio Version 16
VisualStudioVersion = 16.0.32228.343
MinimumVisualStudioVersion = 10.0.40219.1
Project("{FAE04EC0-301F-11D3-BF4B-00C04F79EFBC}") = "Handitia_Test", "Handitia_Test.csproj", "{0FAE4EAD-49A0-431F-83D6-C5D7F3828204}"
EndProject
Global
	GlobalSection(SolutionConfigurationPlatforms) = preSolution
		Debug|Any CPU = Debug|Any CPU
		Release|Any CPU = Release|Any CPU
	EndGlobalSection
	GlobalSection(ProjectConfigurationPlatforms) = postSolution
		{0FAE4EAD-49A0-431F-83D6-C5D7F3828204}.Debug|Any CPU.ActiveCfg = Debug|Any CPU
		{0FAE4EAD-49A0-431F-83D6-C5D7F3828204}.Debug|Any CPU.Build.0 = Debug|Any CPU
		{0FAE4EAD-49A0-431F-83D6-C5D7F3828204}.Release|Any CPU.ActiveCfg = Release|Any CPU
		{0FAE4EAD-49A0-431F-83D6-C5D7F3828204}.Release|Any CPU.Build.0 = Release|Any CPU
	EndGlobalSection
	GlobalSection(SolutionProperties) = preSolution
		HideSolutionNode = FALSE
	EndGlobalSection
	GlobalSection(ExtensibilityGlobals) = postSolution
		SolutionGuid = {4A4CF289-4C47-47C8-BA1D-BD4F9B96CD3D}
	EndGlobalSection
EndGlobal
